// !$*UTF8*$!
{
	archiveVersion = 1;
	classes = {
	};
	objectVersion = 46;
	objects = {

/* Begin PBXBuildFile section */
		F7930F661DD7A0AD00A34847 /* AppDelegate.swift in Sources */ = {isa = PBXBuildFile; fileRef = F7930F651DD7A0AD00A34847 /* AppDelegate.swift */; };
		F7930F681DD7A0AD00A34847 /* ViewController.swift in Sources */ = {isa = PBXBuildFile; fileRef = F7930F671DD7A0AD00A34847 /* ViewController.swift */; };
		F7930F6B1DD7A0AD00A34847 /* Main.storyboard in Resources */ = {isa = PBXBuildFile; fileRef = F7930F691DD7A0AD00A34847 /* Main.storyboard */; };
		F7930F6D1DD7A0AD00A34847 /* Assets.xcassets in Resources */ = {isa = PBXBuildFile; fileRef = F7930F6C1DD7A0AD00A34847 /* Assets.xcassets */; };
		F7930F701DD7A0AD00A34847 /* LaunchScreen.storyboard in Resources */ = {isa = PBXBuildFile; fileRef = F7930F6E1DD7A0AD00A34847 /* LaunchScreen.storyboard */; };
/* End PBXBuildFile section */

/* Begin PBXFileReference section */
		F7930F621DD7A0AD00A34847 /* GlucoApp.app */ = {isa = PBXFileReference; explicitFileType = wrapper.application; includeInIndex = 0; path = GlucoApp.app; sourceTree = BUILT_PRODUCTS_DIR; };
		F7930F651DD7A0AD00A34847 /* AppDelegate.swift */ = {isa = PBXFileReference; lastKnownFileType = sourcecode.swift; path = AppDelegate.swift; sourceTree = "<group>"; };
		F7930F671DD7A0AD00A34847 /* ViewController.swift */ = {isa = PBXFileReference; lastKnownFileType = sourcecode.swift; path = ViewController.swift; sourceTree = "<group>"; };
		F7930F6A1DD7A0AD00A34847 /* Base */ = {isa = PBXFileReference; lastKnownFileType = file.storyboard; name = Base; path = Base.lproj/Main.storyboard; sourceTree = "<group>"; };
		F7930F6C1DD7A0AD00A34847 /* Assets.xcassets */ = {isa = PBXFileReference; lastKnownFileType = folder.assetcatalog; path = Assets.xcassets; sourceTree = "<group>"; };
		F7930F6F1DD7A0AD00A34847 /* Base */ = {isa = PBXFileReference; lastKnownFileType = file.storyboard; name = Base; path = Base.lproj/LaunchScreen.storyboard; sourceTree = "<group>"; };
		F7930F711DD7A0AD00A34847 /* Info.plist */ = {isa = PBXFileReference; lastKnownFileType = text.plist.xml; path = Info.plist; sourceTree = "<group>"; };
/* End PBXFileReference section */

/* Begin PBXFrameworksBuildPhase section */
		F7930F5F1DD7A0AD00A34847 /* Frameworks */ = {
			isa = PBXFrameworksBuildPhase;
			buildActionMask = 2147483647;
			files = (
			);
			runOnlyForDeploymentPostprocessing = 0;
		};
/* End PBXFrameworksBuildPhase section */

/* Begin PBXGroup section */
		F7930F591DD7A0AD00A34847 = {
			isa = PBXGroup;
			children = (
				F7930F641DD7A0AD00A34847 /* GlucoApp */,
				F7930F631DD7A0AD00A34847 /* Products */,
			);
			sourceTree = "<group>";
		};
		F7930F631DD7A0AD00A34847 /* Products */ = {
			isa = PBXGroup;
			children = (
				F7930F621DD7A0AD00A34847 /* GlucoApp.app */,
			);
			name = Products;
			sourceTree = "<group>";
		};
		F7930F641DD7A0AD00A34847 /* GlucoApp */ = {
			isa = PBXGroup;
			children = (
				F7930F651DD7A0AD00A34847 /* AppDelegate.swift */,
				F7930F671DD7A0AD00A34847 /* ViewController.swift */,
				F7930F691DD7A0AD00A34847 /* Main.storyboard */,
				F7930F6C1DD7A0AD00A34847 /* Assets.xcassets */,
				F7930F6E1DD7A0AD00A34847 /* LaunchScreen.storyboard */,
				F7930F711DD7A0AD00A34847 /* Info.plist */,
			);
			path = GlucoApp;
			sourceTree = "<group>";
		};
/* End PBXGroup section */

/* Begin PBXNativeTarget section */
		F7930F611DD7A0AD00A34847 /* GlucoApp */ = {
			isa = PBXNativeTarget;
			buildConfigurationList = F7930F741DD7A0AD00A34847 /* Build configuration list for PBXNativeTarget "GlucoApp" */;
			buildPhases = (
				F7930F5E1DD7A0AD00A34847 /* Sources */,
				F7930F5F1DD7A0AD00A34847 /* Frameworks */,
				F7930F601DD7A0AD00A34847 /* Resources */,
			);
			buildRules = (
			);
			dependencies = (
			);
			name = GlucoApp;
			productName = GlucoApp;
			productReference = F7930F621DD7A0AD00A34847 /* GlucoApp.app */;
			productType = "com.apple.product-type.application";
		};
/* End PBXNativeTarget section */

/* Begin PBXProject section */
		F7930F5A1DD7A0AD00A34847 /* Project object */ = {
			isa = PBXProject;
			attributes = {
				LastSwiftUpdateCheck = 0810;
				LastUpgradeCheck = 0810;
				ORGANIZATIONNAME = "Faheem Hussain";
				TargetAttributes = {
					F7930F611DD7A0AD00A34847 = {
						CreatedOnToolsVersion = 8.1;
						ProvisioningStyle = Automatic;
					};
				};
			};
			buildConfigurationList = F7930F5D1DD7A0AD00A34847 /* Build configuration list for PBXProject "GlucoApp" */;
			compatibilityVersion = "Xcode 3.2";
			developmentRegion = English;
			hasScannedForEncodings = 0;
			knownRegions = (
				en,
				Base,
			);
			mainGroup = F7930F591DD7A0AD00A34847;
			productRefGroup = F7930F631DD7A0AD00A34847 /* Products */;
			projectDirPath = "";
			projectRoot = "";
			targets = (
				F7930F611DD7A0AD00A34847 /* GlucoApp */,
			);
		};
/* End PBXProject section */

/* Begin PBXResourcesBuildPhase section */
		F7930F601DD7A0AD00A34847 /* Resources */ = {
			isa = PBXResourcesBuildPhase;
			buildActionMask = 2147483647;
			files = (
				F7930F701DD7A0AD00A34847 /* LaunchScreen.storyboard in Resources */,
				F7930F6D1DD7A0AD00A34847 /* Assets.xcassets in Resources */,
				F7930F6B1DD7A0AD00A34847 /* Main.storyboard in Resources */,
			);
			runOnlyForDeploymentPostprocessing = 0;
		};
/* End PBXResourcesBuildPhase section */

/* Begin PBXSourcesBuildPhase section */
		F7930F5E1DD7A0AD00A34847 /* Sources */ = {
			isa = PBXSourcesBuildPhase;
			buildActionMask = 2147483647;
			files = (
				F7930F681DD7A0AD00A34847 /* ViewController.swift in Sources */,
				F7930F661DD7A0AD00A34847 /* AppDelegate.swift in Sources */,
			);
			runOnlyForDeploymentPostprocessing = 0;
		};
/* End PBXSourcesBuildPhase section */

/* Begin PBXVariantGroup section */
		F7930F691DD7A0AD00A34847 /* Main.storyboard */ = {
			isa = PBXVariantGroup;
			children = (
				F7930F6A1DD7A0AD00A34847 /* Base */,
			);
			name = Main.storyboard;
			sourceTree = "<group>";
		};
		F7930F6E1DD7A0AD00A34847 /* LaunchScreen.storyboard */ = {
			isa = PBXVariantGroup;
			children = (
				F7930F6F1DD7A0AD00A34847 /* Base */,
			);
			name = LaunchScreen.storyboard;
			sourceTree = "<group>";
		};
/* End PBXVariantGroup section */

/* Begin XCBuildConfiguration section */
		F7930F721DD7A0AD00A34847 /* Debug */ = {
			isa = XCBuildConfiguration;
			buildSettings = {
				ALWAYS_SEARCH_USER_PATHS = NO;
				CLANG_ANALYZER_NONNULL = YES;
				CLANG_CXX_LANGUAGE_STANDARD = "gnu++0x";
				CLANG_CXX_LIBRARY = "libc++";
				CLANG_ENABLE_MODULES = YES;
				CLANG_ENABLE_OBJC_ARC = YES;
				CLANG_WARN_BOOL_CONVERSION = YES;
				CLANG_WARN_CONSTANT_CONVERSION = YES;
				CLANG_WARN_DIRECT_OBJC_ISA_USAGE = YES_ERROR;
				CLANG_WARN_DOCUMENTATION_COMMENTS = YES;
				CLANG_WARN_EMPTY_BODY = YES;
				CLANG_WARN_ENUM_CONVERSION = YES;
				CLANG_WARN_INFINITE_RECURSION = YES;
				CLANG_WARN_INT_CONVERSION = YES;
				CLANG_WARN_OBJC_ROOT_CLASS = YES_ERROR;
				CLANG_WARN_SUSPICIOUS_MOVES = YES;
				CLANG_WARN_UNREACHABLE_CODE = YES;
				CLANG_WARN__DUPLICATE_METHOD_MATCH = YES;
				"CODE_SIGN_IDENTITY[sdk=iphoneos*]" = "iPhone Developer";
				COPY_PHASE_STRIP = NO;
				DEBUG_INFORMATION_FORMAT = dwarf;
				ENABLE_STRICT_OBJC_MSGSEND = YES;
				ENABLE_TESTABILITY = YES;
				GCC_C_LANGUAGE_STANDARD = gnu99;
				GCC_DYNAMIC_NO_PIC = NO;
				GCC_NO_COMMON_BLOCKS = YES;
				GCC_OPTIMIZATION_LEVEL = 0;
				GCC_PREPROCESSOR_DEFINITIONS = (
					"DEBUG=1",
					"$(inherited)",
				);
				GCC_WARN_64_TO_32_BIT_CONVERSION = YES;
				GCC_WARN_ABOUT_RETURN_TYPE = YES_ERROR;
				GCC_WARN_UNDECLARED_SELECTOR = YES;
				GCC_WARN_UNINITIALIZED_AUTOS = YES_AGGRESSIVE;
				GCC_WARN_UNUSED_FUNCTION = YES;
				GCC_WARN_UNUSED_VARIABLE = YES;
				IPHONEOS_DEPLOYMENT_TARGET = 10.1;
				MTL_ENABLE_DEBUG_INFO = YES;
				ONLY_ACTIVE_ARCH = YES;
				SDKROOT = iphoneos;
				SWIFT_ACTIVE_COMPILATION_CONDITIONS = DEBUG;
				SWIFT_OPTIMIZATION_LEVEL = "-Onone";
			};
			name = Debug;
		};
		F7930F731DD7A0AD00A34847 /* Release */ = {
			isa = XCBuildConfiguration;
			buildSettings = {
				ALWAYS_SEARCH_USER_PATHS = NO;
				CLANG_ANALYZER_NONNULL = YES;
				CLANG_CXX_LANGUAGE_STANDARD = "gnu++0x";
				CLANG_CXX_LIBRARY = "libc++";
				CLANG_ENABLE_MODULES = YES;
				CLANG_ENABLE_OBJC_ARC = YES;
				CLANG_WARN_BOOL_CONVERSION = YES;
				CLANG_WARN_CONSTANT_CONVERSION = YES;
				CLANG_WARN_DIRECT_OBJC_ISA_USAGE = YES_ERROR;
				CLANG_WARN_DOCUMENTATION_COMMENTS = YES;
				CLANG_WARN_EMPTY_BODY = YES;
				CLANG_WARN_ENUM_CONVERSION = YES;
				CLANG_WARN_INFINITE_RECURSION = YES;
				CLANG_WARN_INT_CONVERSION = YES;
				CLANG_WARN_OBJC_ROOT_CLASS = YES_ERROR;
				CLANG_WARN_SUSPICIOUS_MOVES = YES;
				CLANG_WARN_UNREACHABLE_CODE = YES;
				CLANG_WARN__DUPLICATE_METHOD_MATCH = YES;
				"CODE_SIGN_IDENTITY[sdk=iphoneos*]" = "iPhone Developer";
				COPY_PHASE_STRIP = NO;
				DEBUG_INFORMATION_FORMAT = "dwarf-with-dsym";
				ENABLE_NS_ASSERTIONS = NO;
				ENABLE_STRICT_OBJC_MSGSEND = YES;
				GCC_C_LANGUAGE_STANDARD = gnu99;
				GCC_NO_COMMON_BLOCKS = YES;
				GCC_WARN_64_TO_32_BIT_CONVERSION = YES;
				GCC_WARN_ABOUT_RETURN_TYPE = YES_ERROR;
				GCC_WARN_UNDECLARED_SELECTOR = YES;
				GCC_WARN_UNINITIALIZED_AUTOS = YES_AGGRESSIVE;
				GCC_WARN_UNUSED_FUNCTION = YES;
				GCC_WARN_UNUSED_VARIABLE = YES;
				IPHONEOS_DEPLOYMENT_TARGET = 10.1;
				MTL_ENABLE_DEBUG_INFO = NO;
				SDKROOT = iphoneos;
				SWIFT_OPTIMIZATION_LEVEL = "-Owholemodule";
				VALIDATE_PRODUCT = YES;
			};
			name = Release;
		};
		F7930F751DD7A0AD00A34847 /* Debug */ = {
			isa = XCBuildConfiguration;
			buildSettings = {
				ASSETCATALOG_COMPILER_APPICON_NAME = AppIcon;
				INFOPLIST_FILE = GlucoApp/Info.plist;
				LD_RUNPATH_SEARCH_PATHS = "$(inherited) @executable_path/Frameworks";
				PRODUCT_BUNDLE_IDENTIFIER = com.fah.GlucoApp;
				PRODUCT_NAME = "$(TARGET_NAME)";
				SWIFT_VERSION = 3.0;
			};
			name = Debug;
		};
		F7930F761DD7A0AD00A34847 /* Release */ = {
			isa = XCBuildConfiguration;
			buildSettings = {
				ASSETCATALOG_COMPILER_APPICON_NAME = AppIcon;
				INFOPLIST_FILE = GlucoApp/Info.plist;
				LD_RUNPATH_SEARCH_PATHS = "$(inherited) @executable_path/Frameworks";
				PRODUCT_BUNDLE_IDENTIFIER = com.fah.GlucoApp;
				PRODUCT_NAME = "$(TARGET_NAME)";
				SWIFT_VERSION = 3.0;
			};
			name = Release;
		};
/* End XCBuildConfiguration section */

/* Begin XCConfigurationList section */
		F7930F5D1DD7A0AD00A34847 /* Build configuration list for PBXProject "GlucoApp" */ = {
			isa = XCConfigurationList;
			buildConfigurations = (
				F7930F721DD7A0AD00A34847 /* Debug */,
				F7930F731DD7A0AD00A34847 /* Release */,
			);
			defaultConfigurationIsVisible = 0;
			defaultConfigurationName = Release;
		};
		F7930F741DD7A0AD00A34847 /* Build configuration list for PBXNativeTarget "GlucoApp" */ = {
			isa = XCConfigurationList;
			buildConfigurations = (
				F7930F751DD7A0AD00A34847 /* Debug */,
				F7930F761DD7A0AD00A34847 /* Release */,
			);
			defaultConfigurationIsVisible = 0;
		};
/* End XCConfigurationList section */
	};
	rootObject = F7930F5A1DD7A0AD00A34847 /* Project object */;
}
